# THIS IS AN AUTOGENERATED FILE. DO NOT EDIT THIS FILE DIRECTLY.
# yarn lockfile v1


"@civ-clone/base-city-yield-corruption@^0.1.0":
  version "0.1.1"
  resolved "https://registry.yarnpkg.com/@civ-clone/base-city-yield-corruption/-/base-city-yield-corruption-0.1.1.tgz#29085ee44c18d40f5f0ee6b3360081ead0735cd1"
  integrity sha512-TistDHqs6Y+AA8veqd9QJolbJkOXbQzhhaVkM90UJA9m9s9sRH66tAPQN4A28plUfxWJggXgl664S8b5+a+q8Q==
  dependencies:
    "@civ-clone/base-terrain-yield-trade" "^0.1.0"
    "@civ-clone/core-yield" "^0.1.3"

"@civ-clone/base-city-yield-gold@^0.1.0":
  version "0.1.0"
  resolved "https://registry.yarnpkg.com/@civ-clone/base-city-yield-gold/-/base-city-yield-gold-0.1.0.tgz#6bf8124f0a749c1c2ea115fcb09dad3b98820f0c"
  integrity sha512-r0gdpwUhwRoB3QzEXOcMkzAutu09IeFJHRaJR/9sY7hp4DmQ450WrR51QMH5i5JMuI+6E1CV7edB9UKKm40HKQ==
  dependencies:
    "@civ-clone/core-yield" "^0.1.0"

"@civ-clone/base-city-yield-luxuries@^0.1.0":
  version "0.1.0"
  resolved "https://registry.yarnpkg.com/@civ-clone/base-city-yield-luxuries/-/base-city-yield-luxuries-0.1.0.tgz#afb2cf869bad5a4c8ddffe87ec0922b1fe798079"
  integrity sha512-C1ScHFM9dhcbOIHRbUmS2Bevdmw2l3D6OoND3hUgannm/zpFNQGRy260igupwD/fmfaMmagJuC7FAZ8WYQsC5g==
  dependencies:
    "@civ-clone/core-yield" "^0.1.0"

"@civ-clone/base-city-yield-research@^0.1.0":
  version "0.1.0"
  resolved "https://registry.yarnpkg.com/@civ-clone/base-city-yield-research/-/base-city-yield-research-0.1.0.tgz#7b0a7d8f85f19b9eafadf93c7c9b1c337f0dc67d"
  integrity sha512-A/q5fID0UdfQ9H1IRj6sq7JqL8em+5j3tgdU2ZLCWn240guHMjAtkdNF5ZnbAn2OTDwn9VvCUrKC1dfAp5kKXA==
  dependencies:
    "@civ-clone/core-yield" "^0.1.0"

"@civ-clone/base-player-action-adjust-trade-rates@^0.1.0":
  version "0.1.1"
  resolved "https://registry.yarnpkg.com/@civ-clone/base-player-action-adjust-trade-rates/-/base-player-action-adjust-trade-rates-0.1.1.tgz#2155a1b6dfb47a0d3ffd27019e6f9d7ac806835c"
  integrity sha512-Y+XEyqRFm5yyV6kT1lpH4UZY8qrHp37MeWKfX7zTIKlw5IshdBe0Ghl9b+w2szgQPRvSkpXIxmZIMmwZsVlsmg==
  dependencies:
    "@civ-clone/core-player" "^0.1.0"
    "@civ-clone/core-trade-rate" "^0.1.2"

"@civ-clone/base-terrain-yield-trade@^0.1.0":
  version "0.1.0"
  resolved "https://registry.yarnpkg.com/@civ-clone/base-terrain-yield-trade/-/base-terrain-yield-trade-0.1.0.tgz#4861075014332ec11121445c14db6d0c175f569d"
  integrity sha512-27Wo/9NnBxw19PyZnzj/fghdRrvTN10QQmTIvzggwRC/Zorcg0SYPYxFVCLmuoAXWAov1FCPw5pumcR96pYe9g==
  dependencies:
    "@civ-clone/core-yield" "^0.1.0"

"@civ-clone/base-trade-rate-luxuries@^0.1.0":
  version "0.1.0"
  resolved "https://registry.yarnpkg.com/@civ-clone/base-trade-rate-luxuries/-/base-trade-rate-luxuries-0.1.0.tgz#0a7d1f5ca2c2313d7928bd0874fa10d90585a1dc"
  integrity sha512-oNxY0wwNrTq9U1xysuQIoF+zhIvPpQYYteSyE2xWhonkGuFI13LBxVBHpgNK46HIFdvm6+bU7AJdPYaLdQ3D9A==
  dependencies:
    "@civ-clone/base-city-yield-luxuries" "^0.1.0"
    "@civ-clone/core-trade-rate" "^0.1.0"
    "@civ-clone/core-yield" "^0.1.0"

"@civ-clone/base-trade-rate-research@^0.1.0":
  version "0.1.0"
  resolved "https://registry.yarnpkg.com/@civ-clone/base-trade-rate-research/-/base-trade-rate-research-0.1.0.tgz#ba958ac6fcfea98e14ef08ec198c36cfa86bb394"
  integrity sha512-OBKGKUEa6srO2SqqMfZjIuWAo5C26OKMsDhx8QOSCbsj/UUoUHMrcwFFTDsMGIscPehu9r9eLoT+blgDiXSJQg==
  dependencies:
    "@civ-clone/base-city-yield-research" "^0.1.0"
    "@civ-clone/core-trade-rate" "^0.1.0"
    "@civ-clone/core-yield" "^0.1.0"

"@civ-clone/base-trade-rate-tax@^0.1.0":
  version "0.1.0"
  resolved "https://registry.yarnpkg.com/@civ-clone/base-trade-rate-tax/-/base-trade-rate-tax-0.1.0.tgz#e8363319d0927bec2b96c1457f4c6053ec9566ab"
  integrity sha512-8HKKXFFu7YuROkoAtOxO1H0URd7vOr5Sqa2ZwcqdxdyzwR/p+Aj1CPguBcuoQSqutYRgFGJaCgvFkJAOt4mq3Q==
  dependencies:
    "@civ-clone/base-city-yield-gold" "^0.1.0"
    "@civ-clone/core-trade-rate" "^0.1.0"
    "@civ-clone/core-yield" "^0.1.0"

"@civ-clone/core-city@^0.1.0":
  version "0.1.8"
  resolved "https://registry.yarnpkg.com/@civ-clone/core-city/-/core-city-0.1.8.tgz#9aac0f27dba6706948b81c69c64490c9a291bad7"
  integrity sha512-yWC/uM33AjyDr3GNdYahepv6LjPQ7sVqZu8eezffTEbecfk0AGxlG7A4tfWQj2XAllOXqYdSSkv4BOb15F/l4A==
  dependencies:
    "@civ-clone/core-data-object" "^0.1.0"
    "@civ-clone/core-player" "^0.1.0"
    "@civ-clone/core-registry" "^0.1.0"
    "@civ-clone/core-rule" "^0.1.0"
    "@civ-clone/core-world" "^0.1.0"
    "@civ-clone/core-yield" "^0.1.0"

"@civ-clone/core-civilization@^0.1.0":
  version "0.1.3"
  resolved "https://registry.yarnpkg.com/@civ-clone/core-civilization/-/core-civilization-0.1.3.tgz#dda74f914e2a7523afba667ab4d7e6a9af30f5b8"
  integrity sha512-G4nwynXc8LobBphSNEshmfDs+94sj6UdMFlpEDvleAG13hMOPC5WtKCPSwpGpxfRaQwGS3lkyuYx5MNF4cA6sw==
  dependencies:
    "@civ-clone/core-data-object" "^0.1.0"
    "@civ-clone/core-registry" "^0.1.0"
    "@civ-clone/core-yield" "^0.1.0"

"@civ-clone/core-data-object@^0.1.0":
  version "0.1.9"
  resolved "https://registry.yarnpkg.com/@civ-clone/core-data-object/-/core-data-object-0.1.9.tgz#1fa9f6973540cd41f16190ead4ea36ec18b2dd89"
  integrity sha512-Oerj84VLp2LGL/M46KUKizDRXRSTG3riM1us32h18N8XEuGIjHOmottE6YLiI7p/60d4NXq3alPLbV4ejpQtEw==
  dependencies:
    "@civ-clone/core-registry" "^0.1.0"

"@civ-clone/core-player@^0.1.0":
  version "0.1.6"
  resolved "https://registry.yarnpkg.com/@civ-clone/core-player/-/core-player-0.1.6.tgz#260c30f5dd9ff1901a7d205f4198a8df86cb5c57"
  integrity sha512-SrgzQgs9IFa5dYoUVpB0GR9ENDjlYokuKhxieSwDXZ/9QmfbuL0oHljRpCUwqS4V6oVSIohGghZ3ICnr/5lxuQ==
  dependencies:
    "@civ-clone/core-civilization" "^0.1.0"
    "@civ-clone/core-data-object" "^0.1.0"
    "@civ-clone/core-registry" "^0.1.0"
    "@civ-clone/core-rule" "^0.1.0"

"@civ-clone/core-registry@^0.1.0":
  version "0.1.1"
  resolved "https://registry.yarnpkg.com/@civ-clone/core-registry/-/core-registry-0.1.1.tgz#397fcd926d2809e98638e9d259150ccddd54b2fd"
  integrity sha512-QmeffB0fmNLjIQMAgiZBQugOqWhOzgDpzgKB4KQtdkMrhjKV0jZw2VfM0mbEyqqem4hrSLsbrLkcA9aJh5NMXw==

"@civ-clone/core-rule@^0.1.0":
  version "0.1.3"
  resolved "https://registry.yarnpkg.com/@civ-clone/core-rule/-/core-rule-0.1.3.tgz#6e0b408ff8839414b8282a3048a0df57839c4003"
  integrity sha512-mAN8Mc2TiT8ulGWTCVhWo5UwxR4PjN3I5BLQYQ8bVy750iw4cLHoib/tRKXkYS1Qm0ETiI7c9GEMdYNDBdZ+pQ==
  dependencies:
    "@civ-clone/core-registry" "^0.1.0"

"@civ-clone/core-terrain@^0.1.0":
  version "0.1.2"
  resolved "https://registry.yarnpkg.com/@civ-clone/core-terrain/-/core-terrain-0.1.2.tgz#751ea5994d3e3296e865296d6690ce14ec722be9"
  integrity sha512-eFBRIri06plxKQHtTtJIKnbl211HhylXInveeN7XqRvJUXq0paiwksI8Z7AqN5M+6bDe8OO+SXXnHwVdg1J8Dg==
  dependencies:
    "@civ-clone/core-data-object" "^0.1.0"
    "@civ-clone/core-registry" "^0.1.0"
    "@civ-clone/core-rule" "^0.1.0"

"@civ-clone/core-trade-rate@^0.1.0", "@civ-clone/core-trade-rate@^0.1.2":
  version "0.1.2"
  resolved "https://registry.yarnpkg.com/@civ-clone/core-trade-rate/-/core-trade-rate-0.1.2.tgz#a550e60bc853ad87cfd21893f457a713a65cc41d"
  integrity sha512-4/IbHZhY6KjhjaXbaeuoXI/Pj0hamLTFkzJcj1u6B9BdPoUV+iSDvGIE7Csyj2zb5hGE88tgqUdWLyE1RCcFBA==
  dependencies:
    "@civ-clone/core-data-object" "^0.1.0"
    "@civ-clone/core-player" "^0.1.0"
    "@civ-clone/core-registry" "^0.1.0"
    "@civ-clone/core-yield" "^0.1.0"

"@civ-clone/core-world-generator@^0.1.0":
  version "0.1.2"
  resolved "https://registry.yarnpkg.com/@civ-clone/core-world-generator/-/core-world-generator-0.1.2.tgz#e718aafcfca780ca91769a279cd1e4c1f4356b16"
  integrity sha512-BINMMUpuJZNogwHFcJ6osMe+azJ6uFiGmcTK3ZdfB1QVz95fkSDl6Bf3/PiGpbRxB+MuIbE+l4WytTtrdC+enA==
  dependencies:
    "@civ-clone/core-registry" "^0.1.0"
    "@civ-clone/core-rule" "^0.1.0"
    "@civ-clone/core-terrain" "^0.1.0"

"@civ-clone/core-world@^0.1.0":
  version "0.1.10"
  resolved "https://registry.yarnpkg.com/@civ-clone/core-world/-/core-world-0.1.10.tgz#681c1a20d065e91a9ee8ae2ffc541b25ed1b62a3"
  integrity sha512-H1pcRIZhArVgRhFOW9VS2khNeYu30GmR+gSxlVF08KA6O7y2ks3k0C23EPjTcox9/ytBumRZhA85HxmPNFgGFw==
  dependencies:
    "@civ-clone/core-data-object" "^0.1.0"
    "@civ-clone/core-player" "^0.1.0"
    "@civ-clone/core-registry" "^0.1.0"
    "@civ-clone/core-rule" "^0.1.0"
    "@civ-clone/core-terrain" "^0.1.0"
    "@civ-clone/core-world-generator" "^0.1.0"
    "@civ-clone/core-yield" "^0.1.0"

"@civ-clone/core-yield@^0.1.0", "@civ-clone/core-yield@^0.1.3":
  version "0.1.4"
  resolved "https://registry.yarnpkg.com/@civ-clone/core-yield/-/core-yield-0.1.4.tgz#eab3aa748e5f18ee80daac21969a0b3f89885d7b"
  integrity sha512-zXUcbQpmutleplRbwRU5O0Z/QAtBdGExpPC5UfoX34XvfkZN68A1O0PQf1xNL+5i4jHyUNldh0+biUnbzI4sWg==
  dependencies:
    "@civ-clone/core-data-object" "^0.1.0"
    "@civ-clone/core-registry" "^0.1.0"

prettier@^2.1.2:
  version "2.7.1"
  resolved "https://registry.yarnpkg.com/prettier/-/prettier-2.7.1.tgz#e235806850d057f97bb08368a4f7d899f7760c64"
  integrity sha512-ujppO+MkdPqoVINuDFDRLClm7D78qbDt0/NR+wp5FqEZOoTNAjPHWj17QRhu7geIHJfcNhRk1XVQmF8Bp3ye+g==

typescript@^4.0.3:
  version "4.8.4"
  resolved "https://registry.yarnpkg.com/typescript/-/typescript-4.8.4.tgz#c464abca159669597be5f96b8943500b238e60e6"
  integrity sha512-QCh+85mCy+h0IGff8r5XWzOVSbBO+KfeYrMQh7NJ58QujwcE22u+NUSmUxqF+un70P9GXKxa2HCNiTTMJknyjQ==
