# THIS IS AN AUTOGENERATED FILE. DO NOT EDIT THIS FILE DIRECTLY.
# yarn lockfile v1


"@civ-clone/base-city-yield-gold@github:civ-clone/base-city-yield-gold":
  version "0.1.0"
  resolved "https://codeload.github.com/civ-clone/base-city-yield-gold/tar.gz/b47388c5142ab604003a833763567f1ecb5e91b6"
  dependencies:
    "@civ-clone/core-yield" "^0.1.0"

"@civ-clone/base-city-yield-luxuries@github:civ-clone/base-city-yield-luxuries":
  version "0.1.0"
  resolved "https://codeload.github.com/civ-clone/base-city-yield-luxuries/tar.gz/3fc9f86cf82ae7297120ef95604488a783ba662c"
  dependencies:
    "@civ-clone/core-yield" "^0.1.0"

"@civ-clone/base-city-yield-research@github:civ-clone/base-city-yield-research":
  version "0.1.0"
  resolved "https://codeload.github.com/civ-clone/base-city-yield-research/tar.gz/32217d609da4ea1407d089d2999ec41ee4d5f44d"
  dependencies:
    "@civ-clone/core-yield" "^0.1.0"

"@civ-clone/base-science-advance-alphabet@github:civ-clone/base-science-advance-alphabet":
  version "0.1.0"
  resolved "https://codeload.github.com/civ-clone/base-science-advance-alphabet/tar.gz/680f44e7fd3203016da01907844dabed8f69c082"
  dependencies:
    "@civ-clone/core-science" "^0.1.0"

"@civ-clone/base-science-advance-astronomy@github:civ-clone/base-science-advance-astronomy":
  version "0.1.0"
  resolved "https://codeload.github.com/civ-clone/base-science-advance-astronomy/tar.gz/1e0178bab6abcb96c73497dc9afd914f5029cef7"
  dependencies:
    "@civ-clone/core-science" "^0.1.0"

"@civ-clone/base-science-advance-bridgebuilding@github:civ-clone/base-science-advance-bridgebuilding":
  version "0.1.0"
  resolved "https://codeload.github.com/civ-clone/base-science-advance-bridgebuilding/tar.gz/0da548d6734d3c6c33007d53137ea8c7b6bd77b8"
  dependencies:
    "@civ-clone/core-science" "^0.1.0"

"@civ-clone/base-science-advance-bronzeworking@github:civ-clone/base-science-advance-bronzeworking":
  version "0.1.0"
  resolved "https://codeload.github.com/civ-clone/base-science-advance-bronzeworking/tar.gz/a64165fd92a2dc78bd7c2e858e001ec0e4d689ae"
  dependencies:
    "@civ-clone/core-science" "^0.1.0"

"@civ-clone/base-science-advance-ceremonialburial@github:civ-clone/base-science-advance-ceremonialburial":
  version "0.1.0"
  resolved "https://codeload.github.com/civ-clone/base-science-advance-ceremonialburial/tar.gz/ceb206eea395e0d6ef52a83b37df455329a0de70"
  dependencies:
    "@civ-clone/core-science" "^0.1.0"

"@civ-clone/base-science-advance-chivalry@github:civ-clone/base-science-advance-chivalry":
  version "0.1.0"
  resolved "https://codeload.github.com/civ-clone/base-science-advance-chivalry/tar.gz/29eefd7da56ce2ae592d88e8643a4900159889a1"
  dependencies:
    "@civ-clone/core-science" "^0.1.0"

"@civ-clone/base-science-advance-codeoflaws@github:civ-clone/base-science-advance-codeoflaws":
  version "0.1.0"
  resolved "https://codeload.github.com/civ-clone/base-science-advance-codeoflaws/tar.gz/cd94f5ba90da2df443bf9e90bd47fb4be5eee8e7"
  dependencies:
    "@civ-clone/core-science" "^0.1.0"

"@civ-clone/base-science-advance-construction@github:civ-clone/base-science-advance-construction":
  version "0.1.0"
  resolved "https://codeload.github.com/civ-clone/base-science-advance-construction/tar.gz/ff7a2747c0317e3bc31a56cda0da4e75a400e40d"
  dependencies:
    "@civ-clone/core-science" "^0.1.0"

"@civ-clone/base-science-advance-currency@github:civ-clone/base-science-advance-currency":
  version "0.1.0"
  resolved "https://codeload.github.com/civ-clone/base-science-advance-currency/tar.gz/2b358bbc547e48c6e4f255d97d2c7602a033ac88"
  dependencies:
    "@civ-clone/core-science" "^0.1.0"

"@civ-clone/base-science-advance-engineering@github:civ-clone/base-science-advance-engineering":
  version "0.1.0"
  resolved "https://codeload.github.com/civ-clone/base-science-advance-engineering/tar.gz/83820e426513662ca540eaf04b0c81b2b20237a2"
  dependencies:
    "@civ-clone/core-science" "^0.1.0"

"@civ-clone/base-science-advance-feudalism@github:civ-clone/base-science-advance-feudalism":
  version "0.1.0"
  resolved "https://codeload.github.com/civ-clone/base-science-advance-feudalism/tar.gz/10ff005f7a81c7c35830232fd438bcffa1d28b3c"
  dependencies:
    "@civ-clone/core-science" "^0.1.0"

"@civ-clone/base-science-advance-gunpowder@github:civ-clone/base-science-advance-gunpowder":
  version "0.1.0"
  resolved "https://codeload.github.com/civ-clone/base-science-advance-gunpowder/tar.gz/d62c9c50f847937f9bfb6448114b2acc84861db0"
  dependencies:
    "@civ-clone/core-science" "^0.1.0"

"@civ-clone/base-science-advance-horsebackriding@github:civ-clone/base-science-advance-horsebackriding":
  version "0.1.0"
  resolved "https://codeload.github.com/civ-clone/base-science-advance-horsebackriding/tar.gz/fb26ff367f976fad91270ef58cdcf21528ab581b"
  dependencies:
    "@civ-clone/core-science" "^0.1.0"

"@civ-clone/base-science-advance-invention@github:civ-clone/base-science-advance-invention":
  version "0.1.0"
  resolved "https://codeload.github.com/civ-clone/base-science-advance-invention/tar.gz/5d089014b3ea7475c8f08fe524623d20839dd345"
  dependencies:
    "@civ-clone/core-science" "^0.1.0"

"@civ-clone/base-science-advance-ironworking@github:civ-clone/base-science-advance-ironworking":
  version "0.1.0"
  resolved "https://codeload.github.com/civ-clone/base-science-advance-ironworking/tar.gz/f3bfaef1bb0b83f14c4d2d7183c85c9265123ebd"
  dependencies:
    "@civ-clone/core-science" "^0.1.0"

"@civ-clone/base-science-advance-literacy@github:civ-clone/base-science-advance-literacy":
  version "0.1.0"
  resolved "https://codeload.github.com/civ-clone/base-science-advance-literacy/tar.gz/cdee7cbebfb2a58df1b8f2ad9aa139ab14675b72"
  dependencies:
    "@civ-clone/core-science" "^0.1.0"

"@civ-clone/base-science-advance-mapmaking@github:civ-clone/base-science-advance-mapmaking":
  version "0.1.0"
  resolved "https://codeload.github.com/civ-clone/base-science-advance-mapmaking/tar.gz/2fd7463b18014656b45febffe1dd7dc492b947a7"
  dependencies:
    "@civ-clone/core-science" "^0.1.0"

"@civ-clone/base-science-advance-masonry@github:civ-clone/base-science-advance-masonry":
  version "0.1.0"
  resolved "https://codeload.github.com/civ-clone/base-science-advance-masonry/tar.gz/9ecc8546aba606b4fc3880002b8329d3c6c9a5fa"
  dependencies:
    "@civ-clone/core-science" "^0.1.0"

"@civ-clone/base-science-advance-mathematics@github:civ-clone/base-science-advance-mathematics":
  version "0.1.0"
  resolved "https://codeload.github.com/civ-clone/base-science-advance-mathematics/tar.gz/9c2e26985c98ad27a1880a61db4d334295211e39"
  dependencies:
    "@civ-clone/core-science" "^0.1.0"

"@civ-clone/base-science-advance-monarchy@github:civ-clone/base-science-advance-monarchy":
  version "0.1.0"
  resolved "https://codeload.github.com/civ-clone/base-science-advance-monarchy/tar.gz/53744bd5e58b62ce2a5107b244bcb9549b126dff"
  dependencies:
    "@civ-clone/core-science" "^0.1.0"

"@civ-clone/base-science-advance-mysticism@github:civ-clone/base-science-advance-mysticism":
  version "0.1.0"
  resolved "https://codeload.github.com/civ-clone/base-science-advance-mysticism/tar.gz/320a07ed0db10de66d3c32fb984aaa881ab9c40f"
  dependencies:
    "@civ-clone/core-science" "^0.1.0"

"@civ-clone/base-science-advance-navigation@github:civ-clone/base-science-advance-navigation":
  version "0.1.0"
  resolved "https://codeload.github.com/civ-clone/base-science-advance-navigation/tar.gz/c36e2a6d420b7b2dca383f758a9c413afdcb784a"
  dependencies:
    "@civ-clone/core-science" "^0.1.0"

"@civ-clone/base-science-advance-pottery@github:civ-clone/base-science-advance-pottery":
  version "0.1.0"
  resolved "https://codeload.github.com/civ-clone/base-science-advance-pottery/tar.gz/4f8978b577df79903017c98b57d02b4404aed28e"
  dependencies:
    "@civ-clone/core-science" "^0.1.0"

"@civ-clone/base-science-advance-therepublic@github:civ-clone/base-science-advance-therepublic":
  version "0.1.0"
  resolved "https://codeload.github.com/civ-clone/base-science-advance-therepublic/tar.gz/7f8af85b82dcff4c787a15c8ff5a868686416c94"
  dependencies:
    "@civ-clone/core-science" "^0.1.0"

"@civ-clone/base-science-advance-thewheel@github:civ-clone/base-science-advance-thewheel":
  version "0.1.0"
  resolved "https://codeload.github.com/civ-clone/base-science-advance-thewheel/tar.gz/dbd3ece867e7951588e79a7e23301abb173454ea"
  dependencies:
    "@civ-clone/core-science" "^0.1.0"

"@civ-clone/base-science-advance-writing@github:civ-clone/base-science-advance-writing":
  version "0.1.0"
  resolved "https://codeload.github.com/civ-clone/base-science-advance-writing/tar.gz/f60b0063ba41ebc23aab3949986f5ff0be764b20"
  dependencies:
    "@civ-clone/core-science" "^0.1.0"

"@civ-clone/base-science-civ1@github:civ-clone/base-science-civ1":
  version "0.1.0"
  resolved "https://codeload.github.com/civ-clone/base-science-civ1/tar.gz/b6c86e16932c42cd3e947604cb35e64bb3f4a66f"
  dependencies:
    "@civ-clone/base-science-advance-alphabet" "github:civ-clone/base-science-advance-alphabet"
    "@civ-clone/base-science-advance-astronomy" "github:civ-clone/base-science-advance-astronomy"
    "@civ-clone/base-science-advance-bridgebuilding" "github:civ-clone/base-science-advance-bridgebuilding"
    "@civ-clone/base-science-advance-bronzeworking" "github:civ-clone/base-science-advance-bronzeworking"
    "@civ-clone/base-science-advance-ceremonialburial" "github:civ-clone/base-science-advance-ceremonialburial"
    "@civ-clone/base-science-advance-chivalry" "github:civ-clone/base-science-advance-chivalry"
    "@civ-clone/base-science-advance-codeoflaws" "github:civ-clone/base-science-advance-codeoflaws"
    "@civ-clone/base-science-advance-construction" "github:civ-clone/base-science-advance-construction"
    "@civ-clone/base-science-advance-currency" "github:civ-clone/base-science-advance-currency"
    "@civ-clone/base-science-advance-engineering" "github:civ-clone/base-science-advance-engineering"
    "@civ-clone/base-science-advance-feudalism" "github:civ-clone/base-science-advance-feudalism"
    "@civ-clone/base-science-advance-gunpowder" "github:civ-clone/base-science-advance-gunpowder"
    "@civ-clone/base-science-advance-horsebackriding" "github:civ-clone/base-science-advance-horsebackriding"
    "@civ-clone/base-science-advance-invention" "github:civ-clone/base-science-advance-invention"
    "@civ-clone/base-science-advance-ironworking" "github:civ-clone/base-science-advance-ironworking"
    "@civ-clone/base-science-advance-literacy" "github:civ-clone/base-science-advance-literacy"
    "@civ-clone/base-science-advance-mapmaking" "github:civ-clone/base-science-advance-mapmaking"
    "@civ-clone/base-science-advance-masonry" "github:civ-clone/base-science-advance-masonry"
    "@civ-clone/base-science-advance-mathematics" "github:civ-clone/base-science-advance-mathematics"
    "@civ-clone/base-science-advance-monarchy" "github:civ-clone/base-science-advance-monarchy"
    "@civ-clone/base-science-advance-mysticism" "github:civ-clone/base-science-advance-mysticism"
    "@civ-clone/base-science-advance-navigation" "github:civ-clone/base-science-advance-navigation"
    "@civ-clone/base-science-advance-pottery" "github:civ-clone/base-science-advance-pottery"
    "@civ-clone/base-science-advance-therepublic" "github:civ-clone/base-science-advance-therepublic"
    "@civ-clone/base-science-advance-thewheel" "github:civ-clone/base-science-advance-thewheel"
    "@civ-clone/base-science-advance-writing" "github:civ-clone/base-science-advance-writing"
    "@civ-clone/core-city" "github:civ-clone/core-city"
    "@civ-clone/core-engine" "github:civ-clone/core-engine"
    "@civ-clone/core-player" "github:civ-clone/core-player"
    "@civ-clone/core-registry" "github:civ-clone/core-registry"
    "@civ-clone/core-rule" "github:civ-clone/core-rule"
    "@civ-clone/core-science" "github:civ-clone/core-science"
    "@civ-clone/core-yield" "github:civ-clone/core-yield"

"@civ-clone/base-terrain-arctic@github:civ-clone/base-terrain-arctic":
  version "0.1.0"
  resolved "https://codeload.github.com/civ-clone/base-terrain-arctic/tar.gz/b68db7ce102ca2310bf603346427bec9964197cb"
  dependencies:
    "@civ-clone/core-terrain" "github:civ-clone/core-terrain"

"@civ-clone/base-terrain-civ1@github:civ-clone/base-terrain-civ1":
  version "0.1.0"
  resolved "https://codeload.github.com/civ-clone/base-terrain-civ1/tar.gz/f20f1ad5d5e3590aa6c06c028e743fae5fe50991"
  dependencies:
    "@civ-clone/base-science-civ1" "github:civ-clone/base-science-civ1"
    "@civ-clone/base-terrain-arctic" "github:civ-clone/base-terrain-arctic"
    "@civ-clone/base-terrain-desert" "github:civ-clone/base-terrain-desert"
    "@civ-clone/base-terrain-feature-coal" "github:civ-clone/base-terrain-feature-coal"
    "@civ-clone/base-terrain-feature-fish" "github:civ-clone/base-terrain-feature-fish"
    "@civ-clone/base-terrain-feature-game" "github:civ-clone/base-terrain-feature-game"
    "@civ-clone/base-terrain-feature-gems" "github:civ-clone/base-terrain-feature-gems"
    "@civ-clone/base-terrain-feature-gold" "github:civ-clone/base-terrain-feature-gold"
    "@civ-clone/base-terrain-feature-horse" "github:civ-clone/base-terrain-feature-horse"
    "@civ-clone/base-terrain-feature-oasis" "github:civ-clone/base-terrain-feature-oasis"
    "@civ-clone/base-terrain-feature-oil" "github:civ-clone/base-terrain-feature-oil"
    "@civ-clone/base-terrain-feature-seal" "github:civ-clone/base-terrain-feature-seal"
    "@civ-clone/base-terrain-feature-shield" "github:civ-clone/base-terrain-feature-shield"
    "@civ-clone/base-terrain-forest" "github:civ-clone/base-terrain-forest"
    "@civ-clone/base-terrain-grassland" "github:civ-clone/base-terrain-grassland"
    "@civ-clone/base-terrain-hills" "github:civ-clone/base-terrain-hills"
    "@civ-clone/base-terrain-jungle" "github:civ-clone/base-terrain-jungle"
    "@civ-clone/base-terrain-mountains" "github:civ-clone/base-terrain-mountains"
    "@civ-clone/base-terrain-ocean" "github:civ-clone/base-terrain-ocean"
    "@civ-clone/base-terrain-plains" "github:civ-clone/base-terrain-plains"
    "@civ-clone/base-terrain-river" "github:civ-clone/base-terrain-river"
    "@civ-clone/base-terrain-swamp" "github:civ-clone/base-terrain-swamp"
    "@civ-clone/base-terrain-tundra" "github:civ-clone/base-terrain-tundra"
    "@civ-clone/base-terrain-yield-food" "github:civ-clone/base-terrain-yield-food"
    "@civ-clone/base-terrain-yield-production" "github:civ-clone/base-terrain-yield-production"
    "@civ-clone/base-terrain-yield-trade" "github:civ-clone/base-terrain-yield-trade"
    "@civ-clone/base-tile-improvement-irrigation" "github:civ-clone/base-tile-improvement-irrigation"
    "@civ-clone/base-tile-improvement-mine" "github:civ-clone/base-tile-improvement-mine"
    "@civ-clone/base-tile-improvement-pollution" "github:civ-clone/base-tile-improvement-pollution"
    "@civ-clone/base-tile-improvement-railroad" "github:civ-clone/base-tile-improvement-railroad"
    "@civ-clone/base-tile-improvement-road" "github:civ-clone/base-tile-improvement-road"
    "@civ-clone/core-engine" "github:civ-clone/core-engine"
    "@civ-clone/core-rule" "github:civ-clone/core-rule"
    "@civ-clone/core-science" "github:civ-clone/core-science"
    "@civ-clone/core-terrain" "github:civ-clone/core-terrain"
    "@civ-clone/core-terrain-feature" "github:civ-clone/core-terrain-feature"
    "@civ-clone/core-tile-improvement" "github:civ-clone/core-tile-improvement"
    "@civ-clone/core-world" "github:civ-clone/core-world"
    "@civ-clone/core-world-generator" "github:civ-clone/core-world-generator"
    "@civ-clone/core-yield" "github:civ-clone/core-yield"

"@civ-clone/base-terrain-desert@github:civ-clone/base-terrain-desert":
  version "0.1.0"
  resolved "https://codeload.github.com/civ-clone/base-terrain-desert/tar.gz/12ab7f890b4eb426eb768f234ec1fcb7cee04ac4"
  dependencies:
    "@civ-clone/core-terrain" "github:civ-clone/core-terrain"

"@civ-clone/base-terrain-feature-coal@github:civ-clone/base-terrain-feature-coal":
  version "0.1.0"
  resolved "https://codeload.github.com/civ-clone/base-terrain-feature-coal/tar.gz/239b97f683b4e990fb563f838ebb1d1501bf3dcd"
  dependencies:
    "@civ-clone/core-terrain-feature" "github:civ-clone/core-terrain-feature"

"@civ-clone/base-terrain-feature-fish@github:civ-clone/base-terrain-feature-fish":
  version "0.1.0"
  resolved "https://codeload.github.com/civ-clone/base-terrain-feature-fish/tar.gz/6d3754fc600edd950e7d1529f4d4f71a67a77cf9"
  dependencies:
    "@civ-clone/core-terrain-feature" "github:civ-clone/core-terrain-feature"

"@civ-clone/base-terrain-feature-game@github:civ-clone/base-terrain-feature-game":
  version "0.1.0"
  resolved "https://codeload.github.com/civ-clone/base-terrain-feature-game/tar.gz/bd0d4f8b56ea9c845b7f82dd6c8b45da90e4a05a"
  dependencies:
    "@civ-clone/core-terrain-feature" "github:civ-clone/core-terrain-feature"

"@civ-clone/base-terrain-feature-gems@github:civ-clone/base-terrain-feature-gems":
  version "0.1.0"
  resolved "https://codeload.github.com/civ-clone/base-terrain-feature-gems/tar.gz/2ccb2b2a6dbb5890484eab75ffe8fe36743908cf"
  dependencies:
    "@civ-clone/core-terrain-feature" "github:civ-clone/core-terrain-feature"

"@civ-clone/base-terrain-feature-gold@github:civ-clone/base-terrain-feature-gold":
  version "0.1.0"
  resolved "https://codeload.github.com/civ-clone/base-terrain-feature-gold/tar.gz/7125fe4892d0dacc730e0024a392abd768243b1d"
  dependencies:
    "@civ-clone/core-terrain-feature" "github:civ-clone/core-terrain-feature"

"@civ-clone/base-terrain-feature-horse@github:civ-clone/base-terrain-feature-horse":
  version "0.1.0"
  resolved "https://codeload.github.com/civ-clone/base-terrain-feature-horse/tar.gz/1bbecbac6bd0e6a8a00313bf309e7bedebfd94c8"
  dependencies:
    "@civ-clone/core-terrain-feature" "github:civ-clone/core-terrain-feature"

"@civ-clone/base-terrain-feature-oasis@github:civ-clone/base-terrain-feature-oasis":
  version "0.1.0"
  resolved "https://codeload.github.com/civ-clone/base-terrain-feature-oasis/tar.gz/85a5e839931d02d9200ec87dd98d760ff54e2755"
  dependencies:
    "@civ-clone/core-terrain-feature" "github:civ-clone/core-terrain-feature"

"@civ-clone/base-terrain-feature-oil@github:civ-clone/base-terrain-feature-oil":
  version "0.1.0"
  resolved "https://codeload.github.com/civ-clone/base-terrain-feature-oil/tar.gz/7af08bad9e7ec0f6f886573aed32eb0914099ef5"
  dependencies:
    "@civ-clone/core-terrain-feature" "github:civ-clone/core-terrain-feature"

"@civ-clone/base-terrain-feature-seal@github:civ-clone/base-terrain-feature-seal":
  version "0.1.0"
  resolved "https://codeload.github.com/civ-clone/base-terrain-feature-seal/tar.gz/b4576da3ef4603d0963ee8d222e1819d7fb450ec"
  dependencies:
    "@civ-clone/core-terrain-feature" "github:civ-clone/core-terrain-feature"

"@civ-clone/base-terrain-feature-shield@github:civ-clone/base-terrain-feature-shield":
  version "0.1.0"
  resolved "https://codeload.github.com/civ-clone/base-terrain-feature-shield/tar.gz/50d5881cbb31d64e71d8e5c91d5d10f4a69ec176"
  dependencies:
    "@civ-clone/core-terrain-feature" "github:civ-clone/core-terrain-feature"

"@civ-clone/base-terrain-forest@github:civ-clone/base-terrain-forest":
  version "0.1.0"
  resolved "https://codeload.github.com/civ-clone/base-terrain-forest/tar.gz/4cacc862059933ded83a5c50ca9c07fbe675c66e"
  dependencies:
    "@civ-clone/core-terrain" "github:civ-clone/core-terrain"

"@civ-clone/base-terrain-grassland@github:civ-clone/base-terrain-grassland":
  version "0.1.0"
  resolved "https://codeload.github.com/civ-clone/base-terrain-grassland/tar.gz/cca9e144a495612059e12ad44b46cc194cf9ac69"
  dependencies:
    "@civ-clone/core-terrain" "github:civ-clone/core-terrain"

"@civ-clone/base-terrain-hills@github:civ-clone/base-terrain-hills":
  version "0.1.0"
  resolved "https://codeload.github.com/civ-clone/base-terrain-hills/tar.gz/725adac1c9ade3c0f29233434ffb0adebb39be50"
  dependencies:
    "@civ-clone/core-terrain" "github:civ-clone/core-terrain"

"@civ-clone/base-terrain-jungle@github:civ-clone/base-terrain-jungle":
  version "0.1.0"
  resolved "https://codeload.github.com/civ-clone/base-terrain-jungle/tar.gz/e9af8b7b7fab5f9ac366f2f40f7faababae8f1b4"
  dependencies:
    "@civ-clone/core-terrain" "github:civ-clone/core-terrain"

"@civ-clone/base-terrain-mountains@github:civ-clone/base-terrain-mountains":
  version "0.1.0"
  resolved "https://codeload.github.com/civ-clone/base-terrain-mountains/tar.gz/a92e82e69047b0151936fb7353f6dc2c55f9b9d0"
  dependencies:
    "@civ-clone/core-terrain" "github:civ-clone/core-terrain"

"@civ-clone/base-terrain-ocean@github:civ-clone/base-terrain-ocean":
  version "0.1.0"
  resolved "https://codeload.github.com/civ-clone/base-terrain-ocean/tar.gz/205e0aeeeaa4d952892e13a6c53846c1219d53ea"
  dependencies:
    "@civ-clone/core-terrain" "github:civ-clone/core-terrain"

"@civ-clone/base-terrain-plains@github:civ-clone/base-terrain-plains":
  version "0.1.0"
  resolved "https://codeload.github.com/civ-clone/base-terrain-plains/tar.gz/64394832956d8b7cc47ce253f22d11a808db4710"
  dependencies:
    "@civ-clone/core-terrain" "github:civ-clone/core-terrain"

"@civ-clone/base-terrain-river@github:civ-clone/base-terrain-river":
  version "0.1.0"
  resolved "https://codeload.github.com/civ-clone/base-terrain-river/tar.gz/1dbcc3f3e04b3e710a5e18513dc16c1627cba9c2"
  dependencies:
    "@civ-clone/core-terrain" "github:civ-clone/core-terrain"

"@civ-clone/base-terrain-swamp@github:civ-clone/base-terrain-swamp":
  version "0.1.0"
  resolved "https://codeload.github.com/civ-clone/base-terrain-swamp/tar.gz/928a67ec359524fe05e83b4e446cbf5b0d852f8d"
  dependencies:
    "@civ-clone/core-terrain" "github:civ-clone/core-terrain"

"@civ-clone/base-terrain-tundra@github:civ-clone/base-terrain-tundra":
  version "0.1.0"
  resolved "https://codeload.github.com/civ-clone/base-terrain-tundra/tar.gz/821f50d6e3694e62a6bd825289b00210c17c4f5a"
  dependencies:
    "@civ-clone/core-terrain" "github:civ-clone/core-terrain"

"@civ-clone/base-terrain-yield-food@github:civ-clone/base-terrain-yield-food":
  version "0.1.0"
  resolved "https://codeload.github.com/civ-clone/base-terrain-yield-food/tar.gz/d3f8a911e3921abaf37280cc52e6edf534751b62"
  dependencies:
    "@civ-clone/core-yield" "github:civ-clone/core-yield"

"@civ-clone/base-terrain-yield-production@github:civ-clone/base-terrain-yield-production":
  version "0.1.0"
  resolved "https://codeload.github.com/civ-clone/base-terrain-yield-production/tar.gz/9b818d2bf61f7fc327cbc2276bd808174967244f"
  dependencies:
    "@civ-clone/core-yield" "github:civ-clone/core-yield"

"@civ-clone/base-terrain-yield-trade@github:civ-clone/base-terrain-yield-trade":
  version "0.1.0"
  resolved "https://codeload.github.com/civ-clone/base-terrain-yield-trade/tar.gz/708070f2c0f5d5ebed4529c9f0940fb837e09263"
  dependencies:
    "@civ-clone/core-yield" "github:civ-clone/core-yield"

"@civ-clone/base-tile-improvement-irrigation@github:civ-clone/base-tile-improvement-irrigation":
  version "0.1.0"
  resolved "https://codeload.github.com/civ-clone/base-tile-improvement-irrigation/tar.gz/d25ff13b01aff4d700f5f391448a9fae906e3ba7"
  dependencies:
    "@civ-clone/core-tile-improvement" "github:civ-clone/core-tile-improvement"

"@civ-clone/base-tile-improvement-mine@github:civ-clone/base-tile-improvement-mine":
  version "0.1.0"
  resolved "https://codeload.github.com/civ-clone/base-tile-improvement-mine/tar.gz/0d1965b2d12c88d9593ca966f6cd4b71452bb212"
  dependencies:
    "@civ-clone/core-tile-improvement" "github:civ-clone/core-tile-improvement"

"@civ-clone/base-tile-improvement-pollution@github:civ-clone/base-tile-improvement-pollution":
  version "0.1.0"
  resolved "https://codeload.github.com/civ-clone/base-tile-improvement-pollution/tar.gz/88680f680779628f1f64adab2d0737feb0279c3e"
  dependencies:
    "@civ-clone/core-tile-improvement" "github:civ-clone/core-tile-improvement"

"@civ-clone/base-tile-improvement-railroad@github:civ-clone/base-tile-improvement-railroad":
  version "0.1.0"
  resolved "https://codeload.github.com/civ-clone/base-tile-improvement-railroad/tar.gz/4c5952e7b314d093d80b3cbbee4879c8d79ef153"
  dependencies:
    "@civ-clone/core-tile-improvement" "github:civ-clone/core-tile-improvement"

"@civ-clone/base-tile-improvement-road@github:civ-clone/base-tile-improvement-road":
  version "0.1.0"
  resolved "https://codeload.github.com/civ-clone/base-tile-improvement-road/tar.gz/0426833357c2f1916aa93378682381e61711d27f"
  dependencies:
    "@civ-clone/core-tile-improvement" "github:civ-clone/core-tile-improvement"

"@civ-clone/base-trade-rate-luxuries@github:civ-clone/base-trade-rate-luxuries":
  version "0.1.0"
  resolved "https://codeload.github.com/civ-clone/base-trade-rate-luxuries/tar.gz/0b375f0b3dfad0f05ce4921fa836a18f0f6a7126"
  dependencies:
    "@civ-clone/base-city-yield-luxuries" "github:civ-clone/base-city-yield-luxuries"
    "@civ-clone/core-trade-rate" "github:civ-clone/core-trade-rate"
    "@civ-clone/core-yield" "github:civ-clone/core-yield"

"@civ-clone/base-trade-rate-research@github:civ-clone/base-trade-rate-research":
  version "0.1.0"
  resolved "https://codeload.github.com/civ-clone/base-trade-rate-research/tar.gz/84027e6d0e80ac146490eafd3d6fa40816102c23"
  dependencies:
    "@civ-clone/base-city-yield-research" "github:civ-clone/base-city-yield-research"
    "@civ-clone/core-trade-rate" "github:civ-clone/core-trade-rate"
    "@civ-clone/core-yield" "github:civ-clone/core-yield"

"@civ-clone/base-trade-rate-tax@github:civ-clone/base-trade-rate-tax":
  version "0.1.0"
  resolved "https://codeload.github.com/civ-clone/base-trade-rate-tax/tar.gz/9c25f65d107a7488139e9d019a0c5ed4de92446b"
  dependencies:
    "@civ-clone/base-city-yield-gold" "github:civ-clone/base-city-yield-gold"
    "@civ-clone/core-trade-rate" "github:civ-clone/core-trade-rate"
    "@civ-clone/core-yield" "github:civ-clone/core-yield"

"@civ-clone/core-city@github:civ-clone/core-city":
  version "0.1.0"
  resolved "https://codeload.github.com/civ-clone/core-city/tar.gz/0d9a3164dd6d36a32e76d1def04d702f840eccba"
  dependencies:
    "@civ-clone/core-data-object" "^0.1.0"
    "@civ-clone/core-player" "^0.1.0"
    "@civ-clone/core-registry" "^0.1.0"
    "@civ-clone/core-rule" "^0.1.0"
    "@civ-clone/core-world" "^0.1.0"
    "@civ-clone/core-yield" "^0.1.0"

"@civ-clone/core-civilization@^0.1.0":
  version "0.1.0"
  resolved "https://registry.yarnpkg.com/@civ-clone/core-civilization/-/core-civilization-0.1.0.tgz#4d24c7350a706e88a17826a77120efee142c2763"
  integrity sha512-OtX4KLV8j9PvIJK45MNQPCoIXMEQnO25R+laVGkGSFDr8DeWlMFCFn+ceQFRzVEvAcx41hiEmcIC8vg0XvYo8g==
  dependencies:
    "@civ-clone/core-data-object" "^0.1.0"
    "@civ-clone/core-registry" "^0.1.0"
    "@civ-clone/core-yield" "^0.1.0"

"@civ-clone/core-data-object@^0.1.0":
  version "0.1.0"
  resolved "https://registry.yarnpkg.com/@civ-clone/core-data-object/-/core-data-object-0.1.0.tgz#337042c7118ae0b0aab32b05d00256a21dbd6ab3"
  integrity sha512-FKKIJFEXRHAJfDm7ZqDWNutfzZ0aEBxAdA1xDzVTttQH4O2zGor3xYvI/wR0XRuQRkAhIt3A2Fn0cXzrJIZQOA==
  dependencies:
    "@civ-clone/core-registry" "^0.1.0"

"@civ-clone/core-engine@github:civ-clone/core-engine":
  version "0.1.0"
  resolved "https://codeload.github.com/civ-clone/core-engine/tar.gz/6d2ff7827cbcfe85e825483cebb954c3c2451b6b"
  dependencies:
    "@civ-clone/core-registry" "^0.1.0"
    "@civ-clone/core-rule" "^0.1.0"
    glob "^7.1.6"

"@civ-clone/core-player@^0.1.0":
  version "0.1.0"
  resolved "https://registry.yarnpkg.com/@civ-clone/core-player/-/core-player-0.1.0.tgz#c55432293d531a587bcfb49677f83e303aaeb088"
  integrity sha512-siZJSEU6p3Cm/xCabcrYoQlfg23G9iPCk6GaJILcTbZVW5eSf3om4Zaf1Cak2HqNWAnh3RPfj3Tbd3TtLr/0Bg==
  dependencies:
    "@civ-clone/core-civilization" "^0.1.0"
    "@civ-clone/core-data-object" "^0.1.0"
    "@civ-clone/core-registry" "^0.1.0"
    "@civ-clone/core-rule" "^0.1.0"

"@civ-clone/core-player@github:civ-clone/core-player":
  version "0.1.0"
  resolved "https://codeload.github.com/civ-clone/core-player/tar.gz/7540d005afc8c8aeb5495352e19d04ea5d03e147"
  dependencies:
    "@civ-clone/core-civilization" "^0.1.0"
    "@civ-clone/core-data-object" "^0.1.0"
    "@civ-clone/core-registry" "^0.1.0"
    "@civ-clone/core-rule" "^0.1.0"

"@civ-clone/core-registry@^0.1", "@civ-clone/core-registry@^0.1.0":
  version "0.1.0"
  resolved "https://registry.yarnpkg.com/@civ-clone/core-registry/-/core-registry-0.1.0.tgz#ea5f9c964f8782c54a8e626cef6754c73fd5bb4a"
  integrity sha512-g8TqSC+kwDTgpgGBaQd/d4G5Mw75qb4C1nDu3qeVf3bEmggoM5IpyJbSrrn5+uISPJdF9OIQuZWmugLQSmk0tQ==

"@civ-clone/core-registry@github:civ-clone/core-registry":
  version "0.1.0"
  resolved "https://codeload.github.com/civ-clone/core-registry/tar.gz/87a212802def8a57636108aedfd1c68ff3e728b2"

"@civ-clone/core-rule@^0.1.0", "@civ-clone/core-rule@github:civ-clone/core-rule":
  version "0.1.0"
  resolved "https://codeload.github.com/civ-clone/core-rule/tar.gz/e9046ac9f2d1b4bf6351b3ad61bfa8e689e8fbf3"
  dependencies:
    "@civ-clone/core-registry" "^0.1"

"@civ-clone/core-science@^0.1.0", "@civ-clone/core-science@github:civ-clone/core-science":
  version "0.1.0"
  resolved "https://codeload.github.com/civ-clone/core-science/tar.gz/35c90ccaf0422b6c525a69b3d37503598354e100"
  dependencies:
    "@civ-clone/core-player" "^0.1.0"
    "@civ-clone/core-registry" "^0.1.0"
    "@civ-clone/core-rule" "^0.1.0"
    "@civ-clone/core-yield" "^0.1.0"

"@civ-clone/core-terrain-feature@github:civ-clone/core-terrain-feature":
  version "0.1.0"
  resolved "https://codeload.github.com/civ-clone/core-terrain-feature/tar.gz/9336f7a3c0819aa0583092281cc4808fd9d79991"
  dependencies:
    "@civ-clone/core-registry" "^0.1.0"
    "@civ-clone/core-rule" "^0.1.0"
    "@civ-clone/core-terrain" "^0.1.0"

"@civ-clone/core-terrain@^0.1.0", "@civ-clone/core-terrain@github:civ-clone/core-terrain":
  version "0.1.0"
  resolved "https://codeload.github.com/civ-clone/core-terrain/tar.gz/29fa0fd6366dd577847941b3a720e21f8da93d9d"
  dependencies:
    "@civ-clone/core-data-object" "^0.1.0"
    "@civ-clone/core-registry" "^0.1.0"
    "@civ-clone/core-rule" "^0.1.0"

"@civ-clone/core-tile-improvement@github:civ-clone/core-tile-improvement":
  version "0.1.0"
  resolved "https://codeload.github.com/civ-clone/core-tile-improvement/tar.gz/3fa03d00496ad7eb435f3b22e3bdde9627905c81"
  dependencies:
    "@civ-clone/core-data-object" "^0.1.0"
    "@civ-clone/core-player" "^0.1.0"
    "@civ-clone/core-registry" "^0.1.0"
    "@civ-clone/core-rule" "^0.1.0"
    "@civ-clone/core-terrain" "^0.1.0"
    "@civ-clone/core-world" "^0.1.0"

"@civ-clone/core-trade-rate@github:civ-clone/core-trade-rate":
  version "0.1.0"
  resolved "https://codeload.github.com/civ-clone/core-trade-rate/tar.gz/a6cc4116bcf00e3f05d13c46f572e05df6291420"
  dependencies:
    "@civ-clone/core-player" "github:civ-clone/core-player"
    "@civ-clone/core-registry" "github:civ-clone/core-registry"
    "@civ-clone/core-yield" "github:civ-clone/core-yield"

"@civ-clone/core-world-generator@^0.1.0", "@civ-clone/core-world-generator@github:civ-clone/core-world-generator":
  version "0.1.0"
  resolved "https://codeload.github.com/civ-clone/core-world-generator/tar.gz/45b3a8ecd1caf95a164a35e8972763e0e668cbb7"
  dependencies:
    "@civ-clone/core-registry" "^0.1.0"
    "@civ-clone/core-rule" "^0.1.0"
    "@civ-clone/core-terrain" "^0.1.0"

"@civ-clone/core-world@^0.1.0", "@civ-clone/core-world@github:civ-clone/core-world":
  version "0.1.1"
  resolved "https://codeload.github.com/civ-clone/core-world/tar.gz/fa3a4b6921d1a0555f658de8fb7d03bf18e5f342"
  dependencies:
    "@civ-clone/core-data-object" "^0.1.0"
    "@civ-clone/core-player" "^0.1.0"
    "@civ-clone/core-registry" "^0.1.0"
    "@civ-clone/core-rule" "^0.1.0"
    "@civ-clone/core-terrain" "^0.1.0"
    "@civ-clone/core-world-generator" "^0.1.0"
    "@civ-clone/core-yield" "^0.1.0"

"@civ-clone/core-yield@^0.1.0":
  version "0.1.0"
  resolved "https://registry.yarnpkg.com/@civ-clone/core-yield/-/core-yield-0.1.0.tgz#0d9dcedeb5f18f3f09ba28fed3e2bba92285aa57"
  integrity sha512-97rwsBg9KYfMkLBkZgsSK3uCNb5VotZvDskMQMlZXJ+yoO6TUw+Lh2XKjmSHzGNk829Tg5s0c2m57ehre2/FpA==
  dependencies:
    "@civ-clone/core-data-object" "^0.1.0"
    "@civ-clone/core-registry" "^0.1.0"

"@civ-clone/core-yield@github:civ-clone/core-yield":
  version "0.1.0"
  resolved "https://codeload.github.com/civ-clone/core-yield/tar.gz/8479b607f87c9003d10320d3cbca05bad7c718b6"
  dependencies:
    "@civ-clone/core-data-object" "^0.1.0"
    "@civ-clone/core-registry" "^0.1.0"

balanced-match@^1.0.0:
  version "1.0.0"
  resolved "https://registry.yarnpkg.com/balanced-match/-/balanced-match-1.0.0.tgz#89b4d199ab2bee49de164ea02b89ce462d71b767"
  integrity sha1-ibTRmasr7kneFk6gK4nORi1xt2c=

brace-expansion@^1.1.7:
  version "1.1.11"
  resolved "https://registry.yarnpkg.com/brace-expansion/-/brace-expansion-1.1.11.tgz#3c7fcbf529d87226f3d2f52b966ff5271eb441dd"
  integrity sha512-iCuPHDFgrHX7H2vEI/5xpz07zSHB00TpugqhmYtVmMO6518mCuRMoOYFldEBl0g187ufozdaHgWKcYFb61qGiA==
  dependencies:
    balanced-match "^1.0.0"
    concat-map "0.0.1"

concat-map@0.0.1:
  version "0.0.1"
  resolved "https://registry.yarnpkg.com/concat-map/-/concat-map-0.0.1.tgz#d8a96bd77fd68df7793a73036a3ba0d5405d477b"
  integrity sha1-2Klr13/Wjfd5OnMDajug1UBdR3s=

fs.realpath@^1.0.0:
  version "1.0.0"
  resolved "https://registry.yarnpkg.com/fs.realpath/-/fs.realpath-1.0.0.tgz#1504ad2523158caa40db4a2787cb01411994ea4f"
  integrity sha1-FQStJSMVjKpA20onh8sBQRmU6k8=

glob@^7.1.6:
  version "7.1.6"
  resolved "https://registry.yarnpkg.com/glob/-/glob-7.1.6.tgz#141f33b81a7c2492e125594307480c46679278a6"
  integrity sha512-LwaxwyZ72Lk7vZINtNNrywX0ZuLyStrdDtabefZKAY5ZGJhVtgdznluResxNmPitE0SAO+O26sWTHeKSI2wMBA==
  dependencies:
    fs.realpath "^1.0.0"
    inflight "^1.0.4"
    inherits "2"
    minimatch "^3.0.4"
    once "^1.3.0"
    path-is-absolute "^1.0.0"

inflight@^1.0.4:
  version "1.0.6"
  resolved "https://registry.yarnpkg.com/inflight/-/inflight-1.0.6.tgz#49bd6331d7d02d0c09bc910a1075ba8165b56df9"
  integrity sha1-Sb1jMdfQLQwJvJEKEHW6gWW1bfk=
  dependencies:
    once "^1.3.0"
    wrappy "1"

inherits@2:
  version "2.0.4"
  resolved "https://registry.yarnpkg.com/inherits/-/inherits-2.0.4.tgz#0fa2c64f932917c3433a0ded55363aae37416b7c"
  integrity sha512-k/vGaX4/Yla3WzyMCvTQOXYeIHvqOKtnqBduzTHpzpQZzAskKMhZ2K+EnBiSM9zGSoIFeMpXKxa4dYeZIQqewQ==

minimatch@^3.0.4:
  version "3.0.4"
  resolved "https://registry.yarnpkg.com/minimatch/-/minimatch-3.0.4.tgz#5166e286457f03306064be5497e8dbb0c3d32083"
  integrity sha512-yJHVQEhyqPLUTgt9B83PXu6W3rx4MvvHvSUvToogpwoGDOUQ+yDrR0HRot+yOCdCO7u4hX3pWft6kWBBcqh0UA==
  dependencies:
    brace-expansion "^1.1.7"

once@^1.3.0:
  version "1.4.0"
  resolved "https://registry.yarnpkg.com/once/-/once-1.4.0.tgz#583b1aa775961d4b113ac17d9c50baef9dd76bd1"
  integrity sha1-WDsap3WWHUsROsF9nFC6753Xa9E=
  dependencies:
    wrappy "1"

path-is-absolute@^1.0.0:
  version "1.0.1"
  resolved "https://registry.yarnpkg.com/path-is-absolute/-/path-is-absolute-1.0.1.tgz#174b9268735534ffbc7ace6bf53a5a9e1b5c5f5f"
  integrity sha1-F0uSaHNVNP+8es5r9TpanhtcX18=

prettier@^2.1.2:
  version "2.2.1"
  resolved "https://registry.yarnpkg.com/prettier/-/prettier-2.2.1.tgz#795a1a78dd52f073da0cd42b21f9c91381923ff5"
  integrity sha512-PqyhM2yCjg/oKkFPtTGUojv7gnZAoG80ttl45O6x2Ug/rMJw4wcc9k6aaf2hibP7BGVCCM33gZoGjyvt9mm16Q==

typescript@^4.0.3:
  version "4.1.3"
  resolved "https://registry.yarnpkg.com/typescript/-/typescript-4.1.3.tgz#519d582bd94cba0cf8934c7d8e8467e473f53bb7"
  integrity sha512-B3ZIOf1IKeH2ixgHhj6la6xdwR9QrLC5d1VKeCSY4tvkqhF2eqd9O7txNlS0PO3GrBAFIdr3L1ndNwteUbZLYg==

wrappy@1:
  version "1.0.2"
  resolved "https://registry.yarnpkg.com/wrappy/-/wrappy-1.0.2.tgz#b5243d8f3ec1aa35f1364605bc0d1036e30ab69f"
  integrity sha1-tSQ9jz7BqjXxNkYFvA0QNuMKtp8=
