# This file is generated by running "yarn install" inside your project.
# Manual changes might be lost - proceed with caution!

__metadata:
  version: 6
  cacheKey: 8

"@civ-clone/base-city-yield-corruption@npm:^0.1.0":
  version: 0.1.1
  resolution: "@civ-clone/base-city-yield-corruption@npm:0.1.1"
  dependencies:
    "@civ-clone/base-terrain-yield-trade": ^0.1.0
    "@civ-clone/core-yield": ^0.1.3
  checksum: 7d26c2d78b04e4b5e048a7ad638674e4f93f36e2db2a0e829c258b2a55ecf51cd1bfef5da72e0a8571afc3809a96cbc1ad3a8ce05c377c0749de615917f347b7
  languageName: node
  linkType: hard

"@civ-clone/base-city-yield-gold@npm:^0.1.0":
  version: 0.1.0
  resolution: "@civ-clone/base-city-yield-gold@npm:0.1.0"
  dependencies:
    "@civ-clone/core-yield": ^0.1.0
  checksum: b9e27a6d62bc50b46a4d849f8a176a40469f70ac31a1cf0b9c045adbf97c127552c8194436db2ac7cc81009685609e0ab084f525b9875c25fa17980da91f0ba7
  languageName: node
  linkType: hard

"@civ-clone/base-city-yield-luxuries@npm:^0.1.0":
  version: 0.1.0
  resolution: "@civ-clone/base-city-yield-luxuries@npm:0.1.0"
  dependencies:
    "@civ-clone/core-yield": ^0.1.0
  checksum: ad3db106c85bcfc50e8ccba8eeb31dceeec9a061bc656b35d7b92dadeed826b770a75cd096e4f5370bb97ef259c04134d7bb714448ae3cacde7f1eab7499c44d
  languageName: node
  linkType: hard

"@civ-clone/base-city-yield-research@npm:^0.1.0":
  version: 0.1.0
  resolution: "@civ-clone/base-city-yield-research@npm:0.1.0"
  dependencies:
    "@civ-clone/core-yield": ^0.1.0
  checksum: 51ded963afb52d3a7bb3e374a0023f481cc1d975bd5e0caa26e89c90e6ed46f74b8e41c2e12b12251bba7d707f0d84bd949751434b04b201b16e98cf66dcb781
  languageName: node
  linkType: hard

"@civ-clone/base-player-action-adjust-trade-rates@npm:^0.1.0":
  version: 0.1.1
  resolution: "@civ-clone/base-player-action-adjust-trade-rates@npm:0.1.1"
  dependencies:
    "@civ-clone/core-player": ^0.1.0
    "@civ-clone/core-trade-rate": ^0.1.2
  checksum: fb3f4eda682179000624d40246d26845b1de1496fcbc786804f67821e5116708f90279d956e36cf050ec6ca8608104ae4b5f77619feeb15582c8371933e5d4f8
  languageName: node
  linkType: hard

"@civ-clone/base-terrain-yield-trade@npm:^0.1.0":
  version: 0.1.0
  resolution: "@civ-clone/base-terrain-yield-trade@npm:0.1.0"
  dependencies:
    "@civ-clone/core-yield": ^0.1.0
  checksum: b26c77b8661a96e26bef13b160e05fbeec80140378cb97068d8c3b425f4107c769a17d68514b936cbe65dccede345dc9b2388d8d97d94b104d43e61c4956b17e
  languageName: node
  linkType: hard

"@civ-clone/base-trade-rate-luxuries@npm:^0.1.0":
  version: 0.1.0
  resolution: "@civ-clone/base-trade-rate-luxuries@npm:0.1.0"
  dependencies:
    "@civ-clone/base-city-yield-luxuries": ^0.1.0
    "@civ-clone/core-trade-rate": ^0.1.0
    "@civ-clone/core-yield": ^0.1.0
  checksum: 1b08cf7bfd2b6e7b1e924d3560741ffab7339be765c3b0ec7cdfc08393e45b154c370f6d9987e9c18ae709e486c04dc3b7756c10303c4f1cbdef7854053b88fb
  languageName: node
  linkType: hard

"@civ-clone/base-trade-rate-research@npm:^0.1.0":
  version: 0.1.0
  resolution: "@civ-clone/base-trade-rate-research@npm:0.1.0"
  dependencies:
    "@civ-clone/base-city-yield-research": ^0.1.0
    "@civ-clone/core-trade-rate": ^0.1.0
    "@civ-clone/core-yield": ^0.1.0
  checksum: d760f1118a4be28c977b4e5337846ecedb6c4c4a74bfd9cd116587b5d94381c932a35d9393c77aa60b967deddc1837950417e4d9cf3ecc58f3e766f2fddaeae1
  languageName: node
  linkType: hard

"@civ-clone/base-trade-rate-tax@npm:^0.1.0":
  version: 0.1.0
  resolution: "@civ-clone/base-trade-rate-tax@npm:0.1.0"
  dependencies:
    "@civ-clone/base-city-yield-gold": ^0.1.0
    "@civ-clone/core-trade-rate": ^0.1.0
    "@civ-clone/core-yield": ^0.1.0
  checksum: ad5d4aadb89450b2825c42fc53ec14cea115a1e602237a3f7738f2aef3e7d0d57acca35a1c561d1c0368352e00460b827090c0f2a17734ea36ae467cf669be39
  languageName: node
  linkType: hard

"@civ-clone/civ1-trade-rate@workspace:.":
  version: 0.0.0-use.local
  resolution: "@civ-clone/civ1-trade-rate@workspace:."
  dependencies:
    "@civ-clone/base-city-yield-corruption": ^0.1.0
    "@civ-clone/base-player-action-adjust-trade-rates": ^0.1.0
    "@civ-clone/base-terrain-yield-trade": ^0.1.0
    "@civ-clone/base-trade-rate-luxuries": ^0.1.0
    "@civ-clone/base-trade-rate-research": ^0.1.0
    "@civ-clone/base-trade-rate-tax": ^0.1.0
    "@civ-clone/core-city": ^0.1.0
    "@civ-clone/core-player": ^0.1.0
    "@civ-clone/core-registry": ^0.1.0
    "@civ-clone/core-rule": ^0.1.0
    "@civ-clone/core-trade-rate": ^0.1.3
    "@civ-clone/core-yield": ^0.1.0
    prettier: ^2.1.2
    typescript: ^4.0.3
  languageName: unknown
  linkType: soft

"@civ-clone/core-city@npm:^0.1.0":
  version: 0.1.8
  resolution: "@civ-clone/core-city@npm:0.1.8"
  dependencies:
    "@civ-clone/core-data-object": ^0.1.0
    "@civ-clone/core-player": ^0.1.0
    "@civ-clone/core-registry": ^0.1.0
    "@civ-clone/core-rule": ^0.1.0
    "@civ-clone/core-world": ^0.1.0
    "@civ-clone/core-yield": ^0.1.0
  checksum: c0fa94ed315fabee2bc3fbe7ee562191db7213b120c99e4ae7964f026d96c4c468c78a8c53420e9f7d74c4b51b339bc48ea55f9ab3ed4566dc9e975f32f37d48
  languageName: node
  linkType: hard

"@civ-clone/core-civilization@npm:^0.1.0":
  version: 0.1.3
  resolution: "@civ-clone/core-civilization@npm:0.1.3"
  dependencies:
    "@civ-clone/core-data-object": ^0.1.0
    "@civ-clone/core-registry": ^0.1.0
    "@civ-clone/core-yield": ^0.1.0
  checksum: 60943d307362aaa3eeabccb04621c9a6e20ff3c1d9c64b9a5b5a80f2bc0d661001c646d3351d925458a58704c266f7266e24e05cc72de1576271cede8808674f
  languageName: node
  linkType: hard

"@civ-clone/core-data-object@npm:^0.1.0":
  version: 0.1.9
  resolution: "@civ-clone/core-data-object@npm:0.1.9"
  dependencies:
    "@civ-clone/core-registry": ^0.1.0
  checksum: 4d09ee7e1d638aeb2fa7ec35a739953ca50c4e53708adf57411f880106f0202397cdcd0f6c3809916ec383213771c2e832f35987e02a2a22d6885dcd0687ce09
  languageName: node
  linkType: hard

"@civ-clone/core-player@npm:^0.1.0":
  version: 0.1.6
  resolution: "@civ-clone/core-player@npm:0.1.6"
  dependencies:
    "@civ-clone/core-civilization": ^0.1.0
    "@civ-clone/core-data-object": ^0.1.0
    "@civ-clone/core-registry": ^0.1.0
    "@civ-clone/core-rule": ^0.1.0
  checksum: 6972f8069a46657141b48cfc6e444e5de0f9da059824be423135d001bcbd940bd79a81f952392392f49ca3616b74f3f9fce504429d6871aadfb88d5842db447e
  languageName: node
  linkType: hard

"@civ-clone/core-registry@npm:^0.1.0":
  version: 0.1.1
  resolution: "@civ-clone/core-registry@npm:0.1.1"
  checksum: 9a4c9e05c90d3cae51c96587981cda472904f92cefa90ee726ddcf6eff0e4b36d63b20c8a1269820f2178021bd04077aed9aa9a1512bf4c5fd1f37b6b8ffdde5
  languageName: node
  linkType: hard

"@civ-clone/core-rule@npm:^0.1.0":
  version: 0.1.3
  resolution: "@civ-clone/core-rule@npm:0.1.3"
  dependencies:
    "@civ-clone/core-registry": ^0.1.0
  checksum: 53788b8d83ce01adcbde4e979c84f2d8e36e02009af7664a3342a50d3df83beb7e7e82ff5622b34a042b9555d4b9347ec8c59293a56712bca503cf3b10b86e29
  languageName: node
  linkType: hard

"@civ-clone/core-terrain@npm:^0.1.0":
  version: 0.1.2
  resolution: "@civ-clone/core-terrain@npm:0.1.2"
  dependencies:
    "@civ-clone/core-data-object": ^0.1.0
    "@civ-clone/core-registry": ^0.1.0
    "@civ-clone/core-rule": ^0.1.0
  checksum: f6228057898eea5d3dbecf06211e937e2504ec8e123afcf70e07f7768f867bbb0af62be41b0631901ef155f1033066103db0ad1ac04046c1343cfa9399a26bf2
  languageName: node
  linkType: hard

"@civ-clone/core-trade-rate@npm:^0.1.0, @civ-clone/core-trade-rate@npm:^0.1.2, @civ-clone/core-trade-rate@npm:^0.1.3":
  version: 0.1.3
  resolution: "@civ-clone/core-trade-rate@npm:0.1.3"
  dependencies:
    "@civ-clone/core-data-object": ^0.1.0
    "@civ-clone/core-player": ^0.1.0
    "@civ-clone/core-registry": ^0.1.0
    "@civ-clone/core-yield": ^0.1.0
  checksum: 527b04c0ac42c181754fad2024377460d8291c4b846c5f57cb1e2b1fb48c6d7c4938c205deb6c0f6abbac82074d103e00584578776adc45489fbd3aeef9d11a2
  languageName: node
  linkType: hard

"@civ-clone/core-world-generator@npm:^0.1.0":
  version: 0.1.2
  resolution: "@civ-clone/core-world-generator@npm:0.1.2"
  dependencies:
    "@civ-clone/core-registry": ^0.1.0
    "@civ-clone/core-rule": ^0.1.0
    "@civ-clone/core-terrain": ^0.1.0
  checksum: 1a977310ddee835b2d3df8a2bb254c16101c4e47f40641c74e5a10ba86e876831f0b46e187ae7225f313d374aeb23b64ab7dd0e865f8f61f122e4b737ba2d071
  languageName: node
  linkType: hard

"@civ-clone/core-world@npm:^0.1.0":
  version: 0.1.10
  resolution: "@civ-clone/core-world@npm:0.1.10"
  dependencies:
    "@civ-clone/core-data-object": ^0.1.0
    "@civ-clone/core-player": ^0.1.0
    "@civ-clone/core-registry": ^0.1.0
    "@civ-clone/core-rule": ^0.1.0
    "@civ-clone/core-terrain": ^0.1.0
    "@civ-clone/core-world-generator": ^0.1.0
    "@civ-clone/core-yield": ^0.1.0
  checksum: cc59bc8ae73ced33d72c23f5874baa8d7309078315d8b12c1484b5a2b7f6a970f780b55690f07b90c93dbd691f84893002e6fd8bbce33d8095c2b08c3ca04849
  languageName: node
  linkType: hard

"@civ-clone/core-yield@npm:^0.1.0, @civ-clone/core-yield@npm:^0.1.3":
  version: 0.1.4
  resolution: "@civ-clone/core-yield@npm:0.1.4"
  dependencies:
    "@civ-clone/core-data-object": ^0.1.0
    "@civ-clone/core-registry": ^0.1.0
  checksum: 42ee571552acdc0bf039f98ef6b5b0b11b6f691a716eb027ecbc3f4215c63cb0db0793718dc08f1a27bc85accf39b67a834529eb17f5d4aab4d40e5df4e0e0a1
  languageName: node
  linkType: hard

"prettier@npm:^2.1.2":
  version: 2.7.1
  resolution: "prettier@npm:2.7.1"
  bin:
    prettier: bin-prettier.js
  checksum: 55a4409182260866ab31284d929b3cb961e5fdb91fe0d2e099dac92eaecec890f36e524b4c19e6ceae839c99c6d7195817579cdffc8e2c80da0cb794463a748b
  languageName: node
  linkType: hard

"typescript@npm:^4.0.3":
  version: 4.8.4
  resolution: "typescript@npm:4.8.4"
  bin:
    tsc: bin/tsc
    tsserver: bin/tsserver
  checksum: 3e4f061658e0c8f36c820802fa809e0fd812b85687a9a2f5430bc3d0368e37d1c9605c3ce9b39df9a05af2ece67b1d844f9f6ea8ff42819f13bcb80f85629af0
  languageName: node
  linkType: hard

"typescript@patch:typescript@^4.0.3#~builtin<compat/typescript>":
  version: 4.8.4
  resolution: "typescript@patch:typescript@npm%3A4.8.4#~builtin<compat/typescript>::version=4.8.4&hash=0102e9"
  bin:
    tsc: bin/tsc
    tsserver: bin/tsserver
  checksum: 301459fc3eb3b1a38fe91bf96d98eb55da88a9cb17b4ef80b4d105d620f4d547ba776cc27b44cc2ef58b66eda23fe0a74142feb5e79a6fb99f54fc018a696afa
  languageName: node
  linkType: hard
